// !$*UTF8*$!
{
	archiveVersion = 1;
	classes = {
	};
	objectVersion = 50;
	objects = {

/* Begin PBXBuildFile section */
		273B20902641B8D800A14EC4 /* tails.cc in Sources */ = {isa = PBXBuildFile; fileRef = 273B208F2641B8D800A14EC4 /* tails.cc */; };
		273B2094264348A400A14EC4 /* core_words.cc in Sources */ = {isa = PBXBuildFile; fileRef = 273B2093264348A400A14EC4 /* core_words.cc */; };
		273B20962643493E00A14EC4 /* test.cc in Sources */ = {isa = PBXBuildFile; fileRef = 273B20952643493E00A14EC4 /* test.cc */; };
		273B209A26434A1100A14EC4 /* vocabulary.cc in Sources */ = {isa = PBXBuildFile; fileRef = 273B209926434A1100A14EC4 /* vocabulary.cc */; };
/* End PBXBuildFile section */

/* Begin PBXCopyFilesBuildPhase section */
		273B20822641B8AA00A14EC4 /* CopyFiles */ = {
			isa = PBXCopyFilesBuildPhase;
			buildActionMask = 2147483647;
			dstPath = /usr/share/man/man1/;
			dstSubfolderSpec = 0;
			files = (
			);
			runOnlyForDeploymentPostprocessing = 1;
		};
/* End PBXCopyFilesBuildPhase section */

/* Begin PBXFileReference section */
		273B20842641B8AA00A14EC4 /* Tails */ = {isa = PBXFileReference; explicitFileType = "compiled.mach-o.executable"; includeInIndex = 0; path = Tails; sourceTree = BUILT_PRODUCTS_DIR; };
		273B208F2641B8D800A14EC4 /* tails.cc */ = {isa = PBXFileReference; lastKnownFileType = sourcecode.cpp.cpp; path = tails.cc; sourceTree = "<group>"; };
		273B20912643282500A14EC4 /* README.md */ = {isa = PBXFileReference; lastKnownFileType = net.daringfireball.markdown; path = README.md; sourceTree = "<group>"; };
		273B20922643479600A14EC4 /* tails.hh */ = {isa = PBXFileReference; lastKnownFileType = sourcecode.cpp.h; path = tails.hh; sourceTree = "<group>"; };
		273B2093264348A400A14EC4 /* core_words.cc */ = {isa = PBXFileReference; lastKnownFileType = sourcecode.cpp.cpp; path = core_words.cc; sourceTree = "<group>"; };
		273B20952643493E00A14EC4 /* test.cc */ = {isa = PBXFileReference; lastKnownFileType = sourcecode.cpp.cpp; path = test.cc; sourceTree = "<group>"; };
		273B20972643498900A14EC4 /* core_words.hh */ = {isa = PBXFileReference; lastKnownFileType = sourcecode.cpp.h; path = core_words.hh; sourceTree = "<group>"; };
		273B209826434A1000A14EC4 /* vocabulary.hh */ = {isa = PBXFileReference; lastKnownFileType = sourcecode.cpp.h; path = vocabulary.hh; sourceTree = "<group>"; };
		273B209926434A1100A14EC4 /* vocabulary.cc */ = {isa = PBXFileReference; lastKnownFileType = sourcecode.cpp.cpp; path = vocabulary.cc; sourceTree = "<group>"; };
		273B209B26434B6B00A14EC4 /* platform.hh */ = {isa = PBXFileReference; lastKnownFileType = sourcecode.cpp.h; path = platform.hh; sourceTree = "<group>"; };
/* End PBXFileReference section */

/* Begin PBXFrameworksBuildPhase section */
		273B20812641B8AA00A14EC4 /* Frameworks */ = {
			isa = PBXFrameworksBuildPhase;
			buildActionMask = 2147483647;
			files = (
			);
			runOnlyForDeploymentPostprocessing = 0;
		};
/* End PBXFrameworksBuildPhase section */

/* Begin PBXGroup section */
		273B207B2641B8AA00A14EC4 = {
			isa = PBXGroup;
			children = (
				273B20912643282500A14EC4 /* README.md */,
				273B20862641B8AA00A14EC4 /* src */,
				273B20852641B8AA00A14EC4 /* Products */,
			);
			sourceTree = "<group>";
		};
		273B20852641B8AA00A14EC4 /* Products */ = {
			isa = PBXGroup;
			children = (
				273B20842641B8AA00A14EC4 /* Tails */,
			);
			name = Products;
			sourceTree = "<group>";
		};
		273B20862641B8AA00A14EC4 /* src */ = {
			isa = PBXGroup;
			children = (
				273B209B26434B6B00A14EC4 /* platform.hh */,
				273B208F2641B8D800A14EC4 /* tails.cc */,
				273B20922643479600A14EC4 /* tails.hh */,
				273B209926434A1100A14EC4 /* vocabulary.cc */,
				273B209826434A1000A14EC4 /* vocabulary.hh */,
				273B2093264348A400A14EC4 /* core_words.cc */,
				273B20972643498900A14EC4 /* core_words.hh */,
				273B20952643493E00A14EC4 /* test.cc */,
			);
			path = src;
			sourceTree = "<group>";
		};
/* End PBXGroup section */

/* Begin PBXNativeTarget section */
		273B20832641B8AA00A14EC4 /* Tails */ = {
			isa = PBXNativeTarget;
			buildConfigurationList = 273B208B2641B8AA00A14EC4 /* Build configuration list for PBXNativeTarget "Tails" */;
			buildPhases = (
				273B20802641B8AA00A14EC4 /* Sources */,
				273B20812641B8AA00A14EC4 /* Frameworks */,
				273B20822641B8AA00A14EC4 /* CopyFiles */,
			);
			buildRules = (
			);
			dependencies = (
			);
			name = Tails;
			productName = Tails;
			productReference = 273B20842641B8AA00A14EC4 /* Tails */;
			productType = "com.apple.product-type.tool";
		};
/* End PBXNativeTarget section */

/* Begin PBXProject section */
		273B207C2641B8AA00A14EC4 /* Project object */ = {
			isa = PBXProject;
			attributes = {
				LastUpgradeCheck = 1250;
				TargetAttributes = {
					273B20832641B8AA00A14EC4 = {
						CreatedOnToolsVersion = 12.5;
					};
				};
			};
			buildConfigurationList = 273B207F2641B8AA00A14EC4 /* Build configuration list for PBXProject "Tails" */;
			compatibilityVersion = "Xcode 9.3";
			developmentRegion = en;
			hasScannedForEncodings = 0;
			knownRegions = (
				en,
				Base,
			);
			mainGroup = 273B207B2641B8AA00A14EC4;
			productRefGroup = 273B20852641B8AA00A14EC4 /* Products */;
			projectDirPath = "";
			projectRoot = "";
			targets = (
				273B20832641B8AA00A14EC4 /* Tails */,
			);
		};
/* End PBXProject section */

/* Begin PBXSourcesBuildPhase section */
		273B20802641B8AA00A14EC4 /* Sources */ = {
			isa = PBXSourcesBuildPhase;
			buildActionMask = 2147483647;
			files = (
				273B20962643493E00A14EC4 /* test.cc in Sources */,
				273B209A26434A1100A14EC4 /* vocabulary.cc in Sources */,
				273B2094264348A400A14EC4 /* core_words.cc in Sources */,
				273B20902641B8D800A14EC4 /* tails.cc in Sources */,
			);
			runOnlyForDeploymentPostprocessing = 0;
		};
/* End PBXSourcesBuildPhase section */

/* Begin XCBuildConfiguration section */
		273B20892641B8AA00A14EC4 /* Debug */ = {
			isa = XCBuildConfiguration;
			buildSettings = {
				ALWAYS_SEARCH_USER_PATHS = NO;
				CLANG_ANALYZER_NONNULL = YES;
				CLANG_ANALYZER_NUMBER_OBJECT_CONVERSION = YES_AGGRESSIVE;
				CLANG_CXX_LANGUAGE_STANDARD = "c++17";
				CLANG_CXX_LIBRARY = "libc++";
				CLANG_ENABLE_MODULES = YES;
				CLANG_ENABLE_OBJC_ARC = YES;
				CLANG_ENABLE_OBJC_WEAK = YES;
				CLANG_WARN_BLOCK_CAPTURE_AUTORELEASING = YES;
				CLANG_WARN_BOOL_CONVERSION = YES;
				CLANG_WARN_COMMA = YES;
				CLANG_WARN_CONSTANT_CONVERSION = YES;
				CLANG_WARN_DEPRECATED_OBJC_IMPLEMENTATIONS = YES;
				CLANG_WARN_DIRECT_OBJC_ISA_USAGE = YES_ERROR;
				CLANG_WARN_DOCUMENTATION_COMMENTS = YES;
				CLANG_WARN_EMPTY_BODY = YES;
				CLANG_WARN_ENUM_CONVERSION = YES;
				CLANG_WARN_INFINITE_RECURSION = YES;
				CLANG_WARN_INT_CONVERSION = YES;
				CLANG_WARN_NON_LITERAL_NULL_CONVERSION = YES;
				CLANG_WARN_OBJC_IMPLICIT_RETAIN_SELF = YES;
				CLANG_WARN_OBJC_LITERAL_CONVERSION = YES;
				CLANG_WARN_OBJC_ROOT_CLASS = YES_ERROR;
				CLANG_WARN_QUOTED_INCLUDE_IN_FRAMEWORK_HEADER = YES;
				CLANG_WARN_RANGE_LOOP_ANALYSIS = YES;
				CLANG_WARN_STRICT_PROTOTYPES = YES;
				CLANG_WARN_SUSPICIOUS_MOVE = YES;
				CLANG_WARN_UNGUARDED_AVAILABILITY = YES_AGGRESSIVE;
				CLANG_WARN_UNREACHABLE_CODE = YES;
				CLANG_WARN__DUPLICATE_METHOD_MATCH = YES;
				COPY_PHASE_STRIP = NO;
				DEBUG_INFORMATION_FORMAT = dwarf;
				ENABLE_STRICT_OBJC_MSGSEND = YES;
				ENABLE_TESTABILITY = YES;
				GCC_C_LANGUAGE_STANDARD = gnu11;
				GCC_DYNAMIC_NO_PIC = NO;
				GCC_NO_COMMON_BLOCKS = YES;
				GCC_OPTIMIZATION_LEVEL = 0;
				GCC_PREPROCESSOR_DEFINITIONS = (
					"DEBUG=1",
					"$(inherited)",
				);
				GCC_SYMBOLS_PRIVATE_EXTERN = YES;
				GCC_TREAT_WARNINGS_AS_ERRORS = YES;
				GCC_WARN_64_TO_32_BIT_CONVERSION = YES;
				GCC_WARN_ABOUT_RETURN_TYPE = YES_ERROR;
				GCC_WARN_UNDECLARED_SELECTOR = YES;
				GCC_WARN_UNINITIALIZED_AUTOS = YES_AGGRESSIVE;
				GCC_WARN_UNUSED_FUNCTION = YES;
				GCC_WARN_UNUSED_VARIABLE = YES;
				LD_GENERATE_MAP_FILE = YES;
				LD_MAP_FILE_PATH = "$(CONFIGURATION_BUILD_DIR)/$(PRODUCT_NAME)-LinkMap-$(CURRENT_ARCH).txt";
				LLVM_LTO = YES;
				MACOSX_DEPLOYMENT_TARGET = 11.3;
				MTL_ENABLE_DEBUG_INFO = INCLUDE_SOURCE;
				MTL_FAST_MATH = YES;
				ONLY_ACTIVE_ARCH = YES;
				OTHER_CFLAGS = "";
				SDKROOT = macosx;
			};
			name = Debug;
		};
		273B208A2641B8AA00A14EC4 /* Release */ = {
			isa = XCBuildConfiguration;
			buildSettings = {
				ALWAYS_SEARCH_USER_PATHS = NO;
				CLANG_ANALYZER_NONNULL = YES;
				CLANG_ANALYZER_NUMBER_OBJECT_CONVERSION = YES_AGGRESSIVE;
				CLANG_CXX_LANGUAGE_STANDARD = "c++17";
				CLANG_CXX_LIBRARY = "libc++";
				CLANG_ENABLE_MODULES = YES;
				CLANG_ENABLE_OBJC_ARC = YES;
				CLANG_ENABLE_OBJC_WEAK = YES;
				CLANG_WARN_BLOCK_CAPTURE_AUTORELEASING = YES;
				CLANG_WARN_BOOL_CONVERSION = YES;
				CLANG_WARN_COMMA = YES;
				CLANG_WARN_CONSTANT_CONVERSION = YES;
				CLANG_WARN_DEPRECATED_OBJC_IMPLEMENTATIONS = YES;
				CLANG_WARN_DIRECT_OBJC_ISA_USAGE = YES_ERROR;
				CLANG_WARN_DOCUMENTATION_COMMENTS = YES;
				CLANG_WARN_EMPTY_BODY = YES;
				CLANG_WARN_ENUM_CONVERSION = YES;
				CLANG_WARN_INFINITE_RECURSION = YES;
				CLANG_WARN_INT_CONVERSION = YES;
				CLANG_WARN_NON_LITERAL_NULL_CONVERSION = YES;
				CLANG_WARN_OBJC_IMPLICIT_RETAIN_SELF = YES;
				CLANG_WARN_OBJC_LITERAL_CONVERSION = YES;
				CLANG_WARN_OBJC_ROOT_CLASS = YES_ERROR;
				CLANG_WARN_QUOTED_INCLUDE_IN_FRAMEWORK_HEADER = YES;
				CLANG_WARN_RANGE_LOOP_ANALYSIS = YES;
				CLANG_WARN_STRICT_PROTOTYPES = YES;
				CLANG_WARN_SUSPICIOUS_MOVE = YES;
				CLANG_WARN_UNGUARDED_AVAILABILITY = YES_AGGRESSIVE;
				CLANG_WARN_UNREACHABLE_CODE = YES;
				CLANG_WARN__DUPLICATE_METHOD_MATCH = YES;
				COPY_PHASE_STRIP = NO;
				DEAD_CODE_STRIPPING = YES;
				DEBUG_INFORMATION_FORMAT = "dwarf-with-dsym";
				ENABLE_NS_ASSERTIONS = NO;
				ENABLE_STRICT_OBJC_MSGSEND = YES;
				GCC_C_LANGUAGE_STANDARD = gnu11;
				GCC_NO_COMMON_BLOCKS = YES;
				GCC_OPTIMIZATION_LEVEL = 3;
				GCC_SYMBOLS_PRIVATE_EXTERN = YES;
				GCC_TREAT_WARNINGS_AS_ERRORS = YES;
				GCC_WARN_64_TO_32_BIT_CONVERSION = YES;
				GCC_WARN_ABOUT_RETURN_TYPE = YES_ERROR;
				GCC_WARN_UNDECLARED_SELECTOR = YES;
				GCC_WARN_UNINITIALIZED_AUTOS = YES_AGGRESSIVE;
				GCC_WARN_UNUSED_FUNCTION = YES;
				GCC_WARN_UNUSED_VARIABLE = YES;
				LD_GENERATE_MAP_FILE = YES;
				LD_MAP_FILE_PATH = "$(CONFIGURATION_BUILD_DIR)/$(PRODUCT_NAME)-LinkMap-$(CURRENT_ARCH).txt";
				LLVM_LTO = YES;
				MACOSX_DEPLOYMENT_TARGET = 11.3;
				MTL_ENABLE_DEBUG_INFO = NO;
				MTL_FAST_MATH = YES;
				ONLY_ACTIVE_ARCH = YES;
				OTHER_CFLAGS = (
					"-fomit-frame-pointer",
					"-fno-stack-check",
					"-fno-stack-protector",
				);
				SDKROOT = macosx;
			};
			name = Release;
		};
		273B208C2641B8AA00A14EC4 /* Debug */ = {
			isa = XCBuildConfiguration;
			buildSettings = {
				CODE_SIGN_STYLE = Automatic;
				DEVELOPMENT_TEAM = Z62S7RW88Y;
				ENABLE_HARDENED_RUNTIME = YES;
				PRODUCT_NAME = "$(TARGET_NAME)";
			};
			name = Debug;
		};
		273B208D2641B8AA00A14EC4 /* Release */ = {
			isa = XCBuildConfiguration;
			buildSettings = {
				CODE_SIGN_STYLE = Automatic;
				DEVELOPMENT_TEAM = Z62S7RW88Y;
				ENABLE_HARDENED_RUNTIME = YES;
				PRODUCT_NAME = "$(TARGET_NAME)";
			};
			name = Release;
		};
/* End XCBuildConfiguration section */

/* Begin XCConfigurationList section */
		273B207F2641B8AA00A14EC4 /* Build configuration list for PBXProject "Tails" */ = {
			isa = XCConfigurationList;
			buildConfigurations = (
				273B20892641B8AA00A14EC4 /* Debug */,
				273B208A2641B8AA00A14EC4 /* Release */,
			);
			defaultConfigurationIsVisible = 0;
			defaultConfigurationName = Release;
		};
		273B208B2641B8AA00A14EC4 /* Build configuration list for PBXNativeTarget "Tails" */ = {
			isa = XCConfigurationList;
			buildConfigurations = (
				273B208C2641B8AA00A14EC4 /* Debug */,
				273B208D2641B8AA00A14EC4 /* Release */,
			);
			defaultConfigurationIsVisible = 0;
			defaultConfigurationName = Release;
		};
/* End XCConfigurationList section */
	};
	rootObject = 273B207C2641B8AA00A14EC4 /* Project object */;
}
