// !$*UTF8*$!
{
	archiveVersion = 1;
	classes = {
	};
	objectVersion = 50;
	objects = {

/* Begin PBXBuildFile section */
		2732F9C3264F0FE10013063A /* value.cc in Sources */ = {isa = PBXBuildFile; fileRef = 2732F9C2264F0FE10013063A /* value.cc */; };
		2732F9C72652DB940013063A /* repl.cc in Sources */ = {isa = PBXBuildFile; fileRef = 2732F9C62652DB940013063A /* repl.cc */; };
		2732F9DF2652DC740013063A /* linenoise.c in Sources */ = {isa = PBXBuildFile; fileRef = 2732F9D22652DBEB0013063A /* linenoise.c */; };
		2732F9E02652DC780013063A /* utf8.c in Sources */ = {isa = PBXBuildFile; fileRef = 2732F9CE2652DBEB0013063A /* utf8.c */; };
		2732F9E42652DC960013063A /* liblinenoise.a in Frameworks */ = {isa = PBXBuildFile; fileRef = 2732F9DB2652DC6D0013063A /* liblinenoise.a */; };
		2732F9EB2652DE510013063A /* vocabulary.cc in Sources */ = {isa = PBXBuildFile; fileRef = 273B209926434A1100A14EC4 /* vocabulary.cc */; };
		2732F9EC2652DE510013063A /* value.cc in Sources */ = {isa = PBXBuildFile; fileRef = 2732F9C2264F0FE10013063A /* value.cc */; };
		2732F9ED2652DE510013063A /* compiler.cc in Sources */ = {isa = PBXBuildFile; fileRef = 273B20B02645D67000A14EC4 /* compiler.cc */; };
		2732F9EF2652DE510013063A /* test_core.cc in Sources */ = {isa = PBXBuildFile; fileRef = 273B20952643493E00A14EC4 /* test_core.cc */; };
		2732F9F12652DE510013063A /* liblinenoise.a in Frameworks */ = {isa = PBXBuildFile; fileRef = 2732F9DB2652DC6D0013063A /* liblinenoise.a */; };
		2732F9F22652DE510013063A /* libCoreWords.a in Frameworks */ = {isa = PBXBuildFile; fileRef = 273B20A62645AC8F00A14EC4 /* libCoreWords.a */; };
		2732FA2B2655E89D0013063A /* compiler+parser.cc in Sources */ = {isa = PBXBuildFile; fileRef = 2732FA2A2655E89D0013063A /* compiler+parser.cc */; };
		2732FA2C2655E8DB0013063A /* compiler+parser.cc in Sources */ = {isa = PBXBuildFile; fileRef = 2732FA2A2655E89D0013063A /* compiler+parser.cc */; };
		273B209A26434A1100A14EC4 /* vocabulary.cc in Sources */ = {isa = PBXBuildFile; fileRef = 273B209926434A1100A14EC4 /* vocabulary.cc */; };
		273B20AB2645ACED00A14EC4 /* libCoreWords.a in Frameworks */ = {isa = PBXBuildFile; fileRef = 273B20A62645AC8F00A14EC4 /* libCoreWords.a */; };
		273B20AE2645ACFA00A14EC4 /* core_words.cc in Sources */ = {isa = PBXBuildFile; fileRef = 273B2093264348A400A14EC4 /* core_words.cc */; };
		273B20B12645D67000A14EC4 /* compiler.cc in Sources */ = {isa = PBXBuildFile; fileRef = 273B20B02645D67000A14EC4 /* compiler.cc */; };
		2753DACF2666E1BD008EBCE0 /* stack_effect_parser.hh in Sources */ = {isa = PBXBuildFile; fileRef = 2753DACE2666E1BD008EBCE0 /* stack_effect_parser.hh */; };
		2753DAD32667EAFE008EBCE0 /* more_words.cc in Sources */ = {isa = PBXBuildFile; fileRef = 2753DAD22667EAFE008EBCE0 /* more_words.cc */; };
		2753DAD42667EAFE008EBCE0 /* more_words.cc in Sources */ = {isa = PBXBuildFile; fileRef = 2753DAD22667EAFE008EBCE0 /* more_words.cc */; };
		2753DADA26682769008EBCE0 /* gc.cc in Sources */ = {isa = PBXBuildFile; fileRef = 2753DAD926682769008EBCE0 /* gc.cc */; };
		2753DADB26682769008EBCE0 /* gc.cc in Sources */ = {isa = PBXBuildFile; fileRef = 2753DAD926682769008EBCE0 /* gc.cc */; };
		275B4D2F2A5C750A00E00723 /* stack_effect.cc in Sources */ = {isa = PBXBuildFile; fileRef = 275B4D2E2A5C750A00E00723 /* stack_effect.cc */; };
		275B4D302A5C750A00E00723 /* stack_effect.cc in Sources */ = {isa = PBXBuildFile; fileRef = 275B4D2E2A5C750A00E00723 /* stack_effect.cc */; };
		275B4D332A5F202800E00723 /* test_utils.cc in Sources */ = {isa = PBXBuildFile; fileRef = 275B4D322A5F202800E00723 /* test_utils.cc */; };
		27783695266164930025D97F /* compiler+stackcheck.cc in Sources */ = {isa = PBXBuildFile; fileRef = 27783694266164930025D97F /* compiler+stackcheck.cc */; };
		2791006F2A65B68E004A6887 /* signature_parser.cc in Sources */ = {isa = PBXBuildFile; fileRef = 2791006E2A65B68E004A6887 /* signature_parser.cc */; };
		279100702A65B68E004A6887 /* signature_parser.cc in Sources */ = {isa = PBXBuildFile; fileRef = 2791006E2A65B68E004A6887 /* signature_parser.cc */; };
		27AC392A2A40D32A00C9A8E6 /* tokenizer.cc in Sources */ = {isa = PBXBuildFile; fileRef = 27AC39292A40D32A00C9A8E6 /* tokenizer.cc */; };
		27AC392D2A40E57E00C9A8E6 /* parser.cc in Sources */ = {isa = PBXBuildFile; fileRef = 27AC392C2A40E57E00C9A8E6 /* parser.cc */; };
		27AC392F2A40F95E00C9A8E6 /* test_parser.cc in Sources */ = {isa = PBXBuildFile; fileRef = 27AC392E2A40F95E00C9A8E6 /* test_parser.cc */; };
		27AC39302A40FBA500C9A8E6 /* tokenizer.cc in Sources */ = {isa = PBXBuildFile; fileRef = 27AC39292A40D32A00C9A8E6 /* tokenizer.cc */; };
		27AC39312A40FBA500C9A8E6 /* parser.cc in Sources */ = {isa = PBXBuildFile; fileRef = 27AC392C2A40E57E00C9A8E6 /* parser.cc */; };
		27D7D9D62A49F9AE0058B3BF /* TestsMain.cc in Sources */ = {isa = PBXBuildFile; fileRef = 27D7D9D52A49F9AE0058B3BF /* TestsMain.cc */; };
		27D7D9DC2A4DEDED0058B3BF /* symbol.cc in Sources */ = {isa = PBXBuildFile; fileRef = 27D7D9DB2A4DEDED0058B3BF /* symbol.cc */; };
		27D7D9DD2A4DEDED0058B3BF /* symbol.cc in Sources */ = {isa = PBXBuildFile; fileRef = 27D7D9DB2A4DEDED0058B3BF /* symbol.cc */; };
		27F6FE9A2A61F8C8007629FC /* effect_stack.cc in Sources */ = {isa = PBXBuildFile; fileRef = 27F6FE992A61F8C8007629FC /* effect_stack.cc */; };
		27F6FE9B2A61F8C8007629FC /* effect_stack.cc in Sources */ = {isa = PBXBuildFile; fileRef = 27F6FE992A61F8C8007629FC /* effect_stack.cc */; };
		27F6FE9C2A6226CD007629FC /* compiler+stackcheck.cc in Sources */ = {isa = PBXBuildFile; fileRef = 27783694266164930025D97F /* compiler+stackcheck.cc */; };
/* End PBXBuildFile section */

/* Begin PBXContainerItemProxy section */
		2732F9E12652DC870013063A /* PBXContainerItemProxy */ = {
			isa = PBXContainerItemProxy;
			containerPortal = 273B207C2641B8AA00A14EC4 /* Project object */;
			proxyType = 1;
			remoteGlobalIDString = 2732F9DA2652DC6D0013063A;
			remoteInfo = linenoise;
		};
		2732F9E72652DE510013063A /* PBXContainerItemProxy */ = {
			isa = PBXContainerItemProxy;
			containerPortal = 273B207C2641B8AA00A14EC4 /* Project object */;
			proxyType = 1;
			remoteGlobalIDString = 273B20A52645AC8F00A14EC4;
			remoteInfo = "Core Words";
		};
		2732F9E92652DE510013063A /* PBXContainerItemProxy */ = {
			isa = PBXContainerItemProxy;
			containerPortal = 273B207C2641B8AA00A14EC4 /* Project object */;
			proxyType = 1;
			remoteGlobalIDString = 2732F9DA2652DC6D0013063A;
			remoteInfo = linenoise;
		};
		273B20AC2645ACF200A14EC4 /* PBXContainerItemProxy */ = {
			isa = PBXContainerItemProxy;
			containerPortal = 273B207C2641B8AA00A14EC4 /* Project object */;
			proxyType = 1;
			remoteGlobalIDString = 273B20A52645AC8F00A14EC4;
			remoteInfo = "Core Words";
		};
/* End PBXContainerItemProxy section */

/* Begin PBXCopyFilesBuildPhase section */
		2732F9F32652DE510013063A /* CopyFiles */ = {
			isa = PBXCopyFilesBuildPhase;
			buildActionMask = 2147483647;
			dstPath = /usr/share/man/man1/;
			dstSubfolderSpec = 0;
			files = (
			);
			runOnlyForDeploymentPostprocessing = 1;
		};
		273B20822641B8AA00A14EC4 /* CopyFiles */ = {
			isa = PBXCopyFilesBuildPhase;
			buildActionMask = 2147483647;
			dstPath = /usr/share/man/man1/;
			dstSubfolderSpec = 0;
			files = (
			);
			runOnlyForDeploymentPostprocessing = 1;
		};
/* End PBXCopyFilesBuildPhase section */

/* Begin PBXFileReference section */
		2732F9BE264EF1440013063A /* value.hh */ = {isa = PBXFileReference; lastKnownFileType = sourcecode.cpp.h; path = value.hh; sourceTree = "<group>"; };
		2732F9C2264F0FE10013063A /* value.cc */ = {isa = PBXFileReference; lastKnownFileType = sourcecode.cpp.cpp; path = value.cc; sourceTree = "<group>"; };
		2732F9C62652DB940013063A /* repl.cc */ = {isa = PBXFileReference; lastKnownFileType = sourcecode.cpp.cpp; path = repl.cc; sourceTree = "<group>"; };
		2732F9CB2652DBEB0013063A /* linenoise.h */ = {isa = PBXFileReference; lastKnownFileType = sourcecode.c.h; path = linenoise.h; sourceTree = "<group>"; };
		2732F9CE2652DBEB0013063A /* utf8.c */ = {isa = PBXFileReference; lastKnownFileType = sourcecode.c.c; path = utf8.c; sourceTree = "<group>"; };
		2732F9CF2652DBEB0013063A /* README.markdown */ = {isa = PBXFileReference; lastKnownFileType = net.daringfireball.markdown; path = README.markdown; sourceTree = "<group>"; };
		2732F9D22652DBEB0013063A /* linenoise.c */ = {isa = PBXFileReference; lastKnownFileType = sourcecode.c.c; path = linenoise.c; sourceTree = "<group>"; };
		2732F9D52652DBEB0013063A /* utf8.h */ = {isa = PBXFileReference; lastKnownFileType = sourcecode.c.h; path = utf8.h; sourceTree = "<group>"; };
		2732F9DB2652DC6D0013063A /* liblinenoise.a */ = {isa = PBXFileReference; explicitFileType = archive.ar; includeInIndex = 0; path = liblinenoise.a; sourceTree = BUILT_PRODUCTS_DIR; };
		2732F9F72652DE510013063A /* Tests */ = {isa = PBXFileReference; explicitFileType = "compiled.mach-o.executable"; includeInIndex = 0; path = Tests; sourceTree = BUILT_PRODUCTS_DIR; };
		2732FA0D26543FBF0013063A /* stack_effect.hh */ = {isa = PBXFileReference; lastKnownFileType = sourcecode.cpp.h; path = stack_effect.hh; sourceTree = "<group>"; };
		2732FA2A2655E89D0013063A /* compiler+parser.cc */ = {isa = PBXFileReference; lastKnownFileType = sourcecode.cpp.cpp; path = "compiler+parser.cc"; sourceTree = "<group>"; };
		2739929B264C61D100301067 /* build.sh */ = {isa = PBXFileReference; lastKnownFileType = text.script.sh; path = build.sh; sourceTree = "<group>"; };
		273B20842641B8AA00A14EC4 /* Tails */ = {isa = PBXFileReference; explicitFileType = "compiled.mach-o.executable"; includeInIndex = 0; path = Tails; sourceTree = BUILT_PRODUCTS_DIR; };
		273B20912643282500A14EC4 /* README.md */ = {isa = PBXFileReference; lastKnownFileType = net.daringfireball.markdown; path = README.md; sourceTree = "<group>"; };
		273B20922643479600A14EC4 /* instruction.hh */ = {isa = PBXFileReference; lastKnownFileType = sourcecode.cpp.h; path = instruction.hh; sourceTree = "<group>"; };
		273B2093264348A400A14EC4 /* core_words.cc */ = {isa = PBXFileReference; lastKnownFileType = sourcecode.cpp.cpp; path = core_words.cc; sourceTree = "<group>"; };
		273B20952643493E00A14EC4 /* test_core.cc */ = {isa = PBXFileReference; lastKnownFileType = sourcecode.cpp.cpp; path = test_core.cc; sourceTree = "<group>"; };
		273B20972643498900A14EC4 /* core_words.hh */ = {isa = PBXFileReference; lastKnownFileType = sourcecode.cpp.h; path = core_words.hh; sourceTree = "<group>"; };
		273B209826434A1000A14EC4 /* vocabulary.hh */ = {isa = PBXFileReference; lastKnownFileType = sourcecode.cpp.h; path = vocabulary.hh; sourceTree = "<group>"; };
		273B209926434A1100A14EC4 /* vocabulary.cc */ = {isa = PBXFileReference; lastKnownFileType = sourcecode.cpp.cpp; path = vocabulary.cc; sourceTree = "<group>"; };
		273B209B26434B6B00A14EC4 /* platform.hh */ = {isa = PBXFileReference; lastKnownFileType = sourcecode.cpp.h; path = platform.hh; sourceTree = "<group>"; };
		273B209C264351E400A14EC4 /* word.hh */ = {isa = PBXFileReference; lastKnownFileType = sourcecode.cpp.h; path = word.hh; sourceTree = "<group>"; };
		273B20A62645AC8F00A14EC4 /* libCoreWords.a */ = {isa = PBXFileReference; explicitFileType = archive.ar; includeInIndex = 0; path = libCoreWords.a; sourceTree = BUILT_PRODUCTS_DIR; };
		273B20AF2645D67000A14EC4 /* compiler.hh */ = {isa = PBXFileReference; lastKnownFileType = sourcecode.cpp.h; path = compiler.hh; sourceTree = "<group>"; };
		273B20B02645D67000A14EC4 /* compiler.cc */ = {isa = PBXFileReference; lastKnownFileType = sourcecode.cpp.cpp; path = compiler.cc; sourceTree = "<group>"; };
		2753DACE2666E1BD008EBCE0 /* stack_effect_parser.hh */ = {isa = PBXFileReference; lastKnownFileType = sourcecode.cpp.h; path = stack_effect_parser.hh; sourceTree = "<group>"; };
		2753DAD12667EAFE008EBCE0 /* more_words.hh */ = {isa = PBXFileReference; lastKnownFileType = sourcecode.cpp.h; path = more_words.hh; sourceTree = "<group>"; };
		2753DAD22667EAFE008EBCE0 /* more_words.cc */ = {isa = PBXFileReference; lastKnownFileType = sourcecode.cpp.cpp; path = more_words.cc; sourceTree = "<group>"; };
		2753DAD826682769008EBCE0 /* gc.hh */ = {isa = PBXFileReference; lastKnownFileType = sourcecode.cpp.h; path = gc.hh; sourceTree = "<group>"; };
		2753DAD926682769008EBCE0 /* gc.cc */ = {isa = PBXFileReference; lastKnownFileType = sourcecode.cpp.cpp; path = gc.cc; sourceTree = "<group>"; };
		275B4D2E2A5C750A00E00723 /* stack_effect.cc */ = {isa = PBXFileReference; lastKnownFileType = sourcecode.cpp.cpp; path = stack_effect.cc; sourceTree = "<group>"; };
		275B4D312A5C8F1E00E00723 /* assembler.hh */ = {isa = PBXFileReference; lastKnownFileType = sourcecode.cpp.h; path = assembler.hh; sourceTree = "<group>"; };
		275B4D322A5F202800E00723 /* test_utils.cc */ = {isa = PBXFileReference; lastKnownFileType = sourcecode.cpp.cpp; path = test_utils.cc; sourceTree = "<group>"; };
		275B4D342A5F7A4E00E00723 /* native_word.hh */ = {isa = PBXFileReference; lastKnownFileType = sourcecode.cpp.h; path = native_word.hh; sourceTree = "<group>"; };
		27736CBB26714B9200655493 /* Syntax.md */ = {isa = PBXFileReference; lastKnownFileType = net.daringfireball.markdown; path = Syntax.md; sourceTree = "<group>"; };
		27783694266164930025D97F /* compiler+stackcheck.cc */ = {isa = PBXFileReference; lastKnownFileType = sourcecode.cpp.cpp; path = "compiler+stackcheck.cc"; sourceTree = "<group>"; };
		2791006C2A6307A6004A6887 /* opcodes.hh */ = {isa = PBXFileReference; lastKnownFileType = sourcecode.cpp.h; path = opcodes.hh; sourceTree = "<group>"; };
		2791006D2A65B5A5004A6887 /* signature_parser.hh */ = {isa = PBXFileReference; lastKnownFileType = sourcecode.cpp.h; path = signature_parser.hh; sourceTree = "<group>"; };
		2791006E2A65B68E004A6887 /* signature_parser.cc */ = {isa = PBXFileReference; lastKnownFileType = sourcecode.cpp.cpp; path = signature_parser.cc; sourceTree = "<group>"; };
		27AC39282A40D32A00C9A8E6 /* tokenizer.hh */ = {isa = PBXFileReference; lastKnownFileType = sourcecode.cpp.h; path = tokenizer.hh; sourceTree = "<group>"; };
		27AC39292A40D32A00C9A8E6 /* tokenizer.cc */ = {isa = PBXFileReference; lastKnownFileType = sourcecode.cpp.cpp; path = tokenizer.cc; sourceTree = "<group>"; };
		27AC392B2A40E57E00C9A8E6 /* parser.hh */ = {isa = PBXFileReference; lastKnownFileType = sourcecode.cpp.h; path = parser.hh; sourceTree = "<group>"; };
		27AC392C2A40E57E00C9A8E6 /* parser.cc */ = {isa = PBXFileReference; lastKnownFileType = sourcecode.cpp.cpp; path = parser.cc; sourceTree = "<group>"; };
		27AC392E2A40F95E00C9A8E6 /* test_parser.cc */ = {isa = PBXFileReference; lastKnownFileType = sourcecode.cpp.cpp; path = test_parser.cc; sourceTree = "<group>"; };
		27AC39322A427CBB00C9A8E6 /* type_set.hh */ = {isa = PBXFileReference; lastKnownFileType = sourcecode.cpp.h; path = type_set.hh; sourceTree = "<group>"; };
		27AC39332A44B45E00C9A8E6 /* effect_stack.hh */ = {isa = PBXFileReference; lastKnownFileType = sourcecode.cpp.h; path = effect_stack.hh; sourceTree = "<group>"; };
		27BE518E266188870010DC42 /* io.hh */ = {isa = PBXFileReference; lastKnownFileType = sourcecode.cpp.h; path = io.hh; sourceTree = "<group>"; };
		27BE518F266190850010DC42 /* utils.hh */ = {isa = PBXFileReference; lastKnownFileType = sourcecode.cpp.h; path = utils.hh; sourceTree = "<group>"; };
		27BE51902661C2050010DC42 /* disassembler.hh */ = {isa = PBXFileReference; lastKnownFileType = sourcecode.cpp.h; path = disassembler.hh; sourceTree = "<group>"; };
		27CBF69E264C88FA00EF08C4 /* nan_tagged.hh */ = {isa = PBXFileReference; lastKnownFileType = sourcecode.cpp.h; path = nan_tagged.hh; sourceTree = "<group>"; };
		27D7D9D32A49F98B0058B3BF /* catch.hpp */ = {isa = PBXFileReference; fileEncoding = 4; lastKnownFileType = sourcecode.cpp.h; path = catch.hpp; sourceTree = "<group>"; };
		27D7D9D42A49F98B0058B3BF /* CaseListReporter.hh */ = {isa = PBXFileReference; fileEncoding = 4; lastKnownFileType = sourcecode.cpp.h; path = CaseListReporter.hh; sourceTree = "<group>"; };
		27D7D9D52A49F9AE0058B3BF /* TestsMain.cc */ = {isa = PBXFileReference; fileEncoding = 4; lastKnownFileType = sourcecode.cpp.cpp; path = TestsMain.cc; sourceTree = "<group>"; };
		27D7D9D82A49FA200058B3BF /* test_utils.hh */ = {isa = PBXFileReference; lastKnownFileType = sourcecode.cpp.h; path = test_utils.hh; sourceTree = "<group>"; };
		27D7D9D92A4A067B0058B3BF /* smoltalk.hh */ = {isa = PBXFileReference; lastKnownFileType = sourcecode.cpp.h; path = smoltalk.hh; sourceTree = "<group>"; };
		27D7D9DA2A4DED4C0058B3BF /* symbol.hh */ = {isa = PBXFileReference; lastKnownFileType = sourcecode.cpp.h; path = symbol.hh; sourceTree = "<group>"; };
		27D7D9DB2A4DEDED0058B3BF /* symbol.cc */ = {isa = PBXFileReference; lastKnownFileType = sourcecode.cpp.cpp; path = symbol.cc; sourceTree = "<group>"; };
		27F6FE992A61F8C8007629FC /* effect_stack.cc */ = {isa = PBXFileReference; lastKnownFileType = sourcecode.cpp.cpp; path = effect_stack.cc; sourceTree = "<group>"; };
/* End PBXFileReference section */

/* Begin PBXFrameworksBuildPhase section */
		2732F9D92652DC6D0013063A /* Frameworks */ = {
			isa = PBXFrameworksBuildPhase;
			buildActionMask = 2147483647;
			files = (
			);
			runOnlyForDeploymentPostprocessing = 0;
		};
		2732F9F02652DE510013063A /* Frameworks */ = {
			isa = PBXFrameworksBuildPhase;
			buildActionMask = 2147483647;
			files = (
				2732F9F12652DE510013063A /* liblinenoise.a in Frameworks */,
				2732F9F22652DE510013063A /* libCoreWords.a in Frameworks */,
			);
			runOnlyForDeploymentPostprocessing = 0;
		};
		273B20812641B8AA00A14EC4 /* Frameworks */ = {
			isa = PBXFrameworksBuildPhase;
			buildActionMask = 2147483647;
			files = (
				2732F9E42652DC960013063A /* liblinenoise.a in Frameworks */,
				273B20AB2645ACED00A14EC4 /* libCoreWords.a in Frameworks */,
			);
			runOnlyForDeploymentPostprocessing = 0;
		};
		273B20A42645AC8F00A14EC4 /* Frameworks */ = {
			isa = PBXFrameworksBuildPhase;
			buildActionMask = 2147483647;
			files = (
			);
			runOnlyForDeploymentPostprocessing = 0;
		};
/* End PBXFrameworksBuildPhase section */

/* Begin PBXGroup section */
		2732F9C92652DBEB0013063A /* vendor */ = {
			isa = PBXGroup;
			children = (
				27D7D9D22A49F98B0058B3BF /* catch */,
				2732F9CA2652DBEB0013063A /* linenoise */,
			);
			path = vendor;
			sourceTree = "<group>";
		};
		2732F9CA2652DBEB0013063A /* linenoise */ = {
			isa = PBXGroup;
			children = (
				2732F9CF2652DBEB0013063A /* README.markdown */,
				2732F9CB2652DBEB0013063A /* linenoise.h */,
				2732F9D22652DBEB0013063A /* linenoise.c */,
				2732F9D52652DBEB0013063A /* utf8.h */,
				2732F9CE2652DBEB0013063A /* utf8.c */,
			);
			path = linenoise;
			sourceTree = "<group>";
		};
		2732F9E32652DC960013063A /* Frameworks */ = {
			isa = PBXGroup;
			children = (
			);
			name = Frameworks;
			sourceTree = "<group>";
		};
		273B207B2641B8AA00A14EC4 = {
			isa = PBXGroup;
			children = (
				273B20912643282500A14EC4 /* README.md */,
				27736CBB26714B9200655493 /* Syntax.md */,
				273B20862641B8AA00A14EC4 /* src */,
				2739929B264C61D100301067 /* build.sh */,
				2732F9C92652DBEB0013063A /* vendor */,
				273B20852641B8AA00A14EC4 /* Products */,
				2732F9E32652DC960013063A /* Frameworks */,
			);
			sourceTree = "<group>";
		};
		273B20852641B8AA00A14EC4 /* Products */ = {
			isa = PBXGroup;
			children = (
				273B20842641B8AA00A14EC4 /* Tails */,
				273B20A62645AC8F00A14EC4 /* libCoreWords.a */,
				2732F9DB2652DC6D0013063A /* liblinenoise.a */,
				2732F9F72652DE510013063A /* Tests */,
			);
			name = Products;
			sourceTree = "<group>";
		};
		273B20862641B8AA00A14EC4 /* src */ = {
			isa = PBXGroup;
			children = (
				2753DADC26694D7A008EBCE0 /* core */,
				2753DAD62668252E008EBCE0 /* values */,
				2753DAD7266826E3008EBCE0 /* compiler */,
				27AC39272A40D2FB00C9A8E6 /* parser */,
				27BE518E266188870010DC42 /* io.hh */,
				2753DAD22667EAFE008EBCE0 /* more_words.cc */,
				2753DAD12667EAFE008EBCE0 /* more_words.hh */,
				27D7D9D92A4A067B0058B3BF /* smoltalk.hh */,
				27D7D9D72A49F9EE0058B3BF /* tests */,
				2732F9C62652DB940013063A /* repl.cc */,
			);
			path = src;
			sourceTree = "<group>";
		};
		2753DAD62668252E008EBCE0 /* values */ = {
			isa = PBXGroup;
			children = (
				27CBF69E264C88FA00EF08C4 /* nan_tagged.hh */,
				2732F9BE264EF1440013063A /* value.hh */,
				2732F9C2264F0FE10013063A /* value.cc */,
				2753DAD826682769008EBCE0 /* gc.hh */,
				2753DAD926682769008EBCE0 /* gc.cc */,
			);
			path = values;
			sourceTree = "<group>";
		};
		2753DAD7266826E3008EBCE0 /* compiler */ = {
			isa = PBXGroup;
			children = (
				273B209926434A1100A14EC4 /* vocabulary.cc */,
				273B209826434A1000A14EC4 /* vocabulary.hh */,
				2753DACE2666E1BD008EBCE0 /* stack_effect_parser.hh */,
				27AC39332A44B45E00C9A8E6 /* effect_stack.hh */,
				27F6FE992A61F8C8007629FC /* effect_stack.cc */,
				273B20AF2645D67000A14EC4 /* compiler.hh */,
				273B20B02645D67000A14EC4 /* compiler.cc */,
				2732FA2A2655E89D0013063A /* compiler+parser.cc */,
				27783694266164930025D97F /* compiler+stackcheck.cc */,
				275B4D312A5C8F1E00E00723 /* assembler.hh */,
				27BE51902661C2050010DC42 /* disassembler.hh */,
			);
			path = compiler;
			sourceTree = "<group>";
		};
		2753DADC26694D7A008EBCE0 /* core */ = {
			isa = PBXGroup;
			children = (
				273B209B26434B6B00A14EC4 /* platform.hh */,
				27BE518F266190850010DC42 /* utils.hh */,
				2791006C2A6307A6004A6887 /* opcodes.hh */,
				273B20922643479600A14EC4 /* instruction.hh */,
				275B4D2E2A5C750A00E00723 /* stack_effect.cc */,
				2732FA0D26543FBF0013063A /* stack_effect.hh */,
				27AC39322A427CBB00C9A8E6 /* type_set.hh */,
				273B209C264351E400A14EC4 /* word.hh */,
				275B4D342A5F7A4E00E00723 /* native_word.hh */,
				273B2093264348A400A14EC4 /* core_words.cc */,
				273B20972643498900A14EC4 /* core_words.hh */,
			);
			path = core;
			sourceTree = "<group>";
		};
		27AC39272A40D2FB00C9A8E6 /* parser */ = {
			isa = PBXGroup;
			children = (
				27AC392B2A40E57E00C9A8E6 /* parser.hh */,
				27AC392C2A40E57E00C9A8E6 /* parser.cc */,
				27D7D9DA2A4DED4C0058B3BF /* symbol.hh */,
				27D7D9DB2A4DEDED0058B3BF /* symbol.cc */,
				27AC39282A40D32A00C9A8E6 /* tokenizer.hh */,
				27AC39292A40D32A00C9A8E6 /* tokenizer.cc */,
				2791006D2A65B5A5004A6887 /* signature_parser.hh */,
				2791006E2A65B68E004A6887 /* signature_parser.cc */,
			);
			path = parser;
			sourceTree = "<group>";
		};
		27D7D9D22A49F98B0058B3BF /* catch */ = {
			isa = PBXGroup;
			children = (
				27D7D9D32A49F98B0058B3BF /* catch.hpp */,
				27D7D9D42A49F98B0058B3BF /* CaseListReporter.hh */,
			);
			path = catch;
			sourceTree = "<group>";
		};
		27D7D9D72A49F9EE0058B3BF /* tests */ = {
			isa = PBXGroup;
			children = (
				27D7D9D82A49FA200058B3BF /* test_utils.hh */,
				275B4D322A5F202800E00723 /* test_utils.cc */,
				273B20952643493E00A14EC4 /* test_core.cc */,
				27AC392E2A40F95E00C9A8E6 /* test_parser.cc */,
				27D7D9D52A49F9AE0058B3BF /* TestsMain.cc */,
			);
			path = tests;
			sourceTree = "<group>";
		};
/* End PBXGroup section */

/* Begin PBXHeadersBuildPhase section */
		2732F9D72652DC6D0013063A /* Headers */ = {
			isa = PBXHeadersBuildPhase;
			buildActionMask = 2147483647;
			files = (
			);
			runOnlyForDeploymentPostprocessing = 0;
		};
		273B20A22645AC8F00A14EC4 /* Headers */ = {
			isa = PBXHeadersBuildPhase;
			buildActionMask = 2147483647;
			files = (
			);
			runOnlyForDeploymentPostprocessing = 0;
		};
/* End PBXHeadersBuildPhase section */

/* Begin PBXNativeTarget section */
		2732F9DA2652DC6D0013063A /* linenoise */ = {
			isa = PBXNativeTarget;
			buildConfigurationList = 2732F9DC2652DC6D0013063A /* Build configuration list for PBXNativeTarget "linenoise" */;
			buildPhases = (
				2732F9D72652DC6D0013063A /* Headers */,
				2732F9D82652DC6D0013063A /* Sources */,
				2732F9D92652DC6D0013063A /* Frameworks */,
			);
			buildRules = (
			);
			dependencies = (
			);
			name = linenoise;
			productName = linenoise;
			productReference = 2732F9DB2652DC6D0013063A /* liblinenoise.a */;
			productType = "com.apple.product-type.library.static";
		};
		2732F9E52652DE510013063A /* Tests */ = {
			isa = PBXNativeTarget;
			buildConfigurationList = 2732F9F42652DE510013063A /* Build configuration list for PBXNativeTarget "Tests" */;
			buildPhases = (
				2732F9EA2652DE510013063A /* Sources */,
				2732F9F02652DE510013063A /* Frameworks */,
				2732F9F32652DE510013063A /* CopyFiles */,
			);
			buildRules = (
			);
			dependencies = (
				2732F9E62652DE510013063A /* PBXTargetDependency */,
				2732F9E82652DE510013063A /* PBXTargetDependency */,
			);
			name = Tests;
			productName = Tails;
			productReference = 2732F9F72652DE510013063A /* Tests */;
			productType = "com.apple.product-type.tool";
		};
		273B20832641B8AA00A14EC4 /* Tails */ = {
			isa = PBXNativeTarget;
			buildConfigurationList = 273B208B2641B8AA00A14EC4 /* Build configuration list for PBXNativeTarget "Tails" */;
			buildPhases = (
				273B20802641B8AA00A14EC4 /* Sources */,
				273B20812641B8AA00A14EC4 /* Frameworks */,
				273B20822641B8AA00A14EC4 /* CopyFiles */,
			);
			buildRules = (
			);
			dependencies = (
				273B20AD2645ACF200A14EC4 /* PBXTargetDependency */,
				2732F9E22652DC870013063A /* PBXTargetDependency */,
			);
			name = Tails;
			productName = Tails;
			productReference = 273B20842641B8AA00A14EC4 /* Tails */;
			productType = "com.apple.product-type.tool";
		};
		273B20A52645AC8F00A14EC4 /* CoreWords */ = {
			isa = PBXNativeTarget;
			buildConfigurationList = 273B20A72645AC8F00A14EC4 /* Build configuration list for PBXNativeTarget "CoreWords" */;
			buildPhases = (
				273B20A22645AC8F00A14EC4 /* Headers */,
				273B20A32645AC8F00A14EC4 /* Sources */,
				273B20A42645AC8F00A14EC4 /* Frameworks */,
			);
			buildRules = (
			);
			dependencies = (
			);
			name = CoreWords;
			productName = "Core Words";
			productReference = 273B20A62645AC8F00A14EC4 /* libCoreWords.a */;
			productType = "com.apple.product-type.library.static";
		};
/* End PBXNativeTarget section */

/* Begin PBXProject section */
		273B207C2641B8AA00A14EC4 /* Project object */ = {
			isa = PBXProject;
			attributes = {
				LastUpgradeCheck = 1300;
				TargetAttributes = {
					2732F9DA2652DC6D0013063A = {
						CreatedOnToolsVersion = 12.5;
					};
					273B20832641B8AA00A14EC4 = {
						CreatedOnToolsVersion = 12.5;
					};
					273B20A52645AC8F00A14EC4 = {
						CreatedOnToolsVersion = 12.5;
					};
				};
			};
			buildConfigurationList = 273B207F2641B8AA00A14EC4 /* Build configuration list for PBXProject "Tails" */;
			compatibilityVersion = "Xcode 9.3";
			developmentRegion = en;
			hasScannedForEncodings = 0;
			knownRegions = (
				en,
				Base,
			);
			mainGroup = 273B207B2641B8AA00A14EC4;
			productRefGroup = 273B20852641B8AA00A14EC4 /* Products */;
			projectDirPath = "";
			projectRoot = "";
			targets = (
				273B20832641B8AA00A14EC4 /* Tails */,
				2732F9E52652DE510013063A /* Tests */,
				273B20A52645AC8F00A14EC4 /* CoreWords */,
				2732F9DA2652DC6D0013063A /* linenoise */,
			);
		};
/* End PBXProject section */

/* Begin PBXSourcesBuildPhase section */
		2732F9D82652DC6D0013063A /* Sources */ = {
			isa = PBXSourcesBuildPhase;
			buildActionMask = 2147483647;
			files = (
				2732F9DF2652DC740013063A /* linenoise.c in Sources */,
				2732F9E02652DC780013063A /* utf8.c in Sources */,
			);
			runOnlyForDeploymentPostprocessing = 0;
		};
		2732F9EA2652DE510013063A /* Sources */ = {
			isa = PBXSourcesBuildPhase;
			buildActionMask = 2147483647;
			files = (
				2732F9EF2652DE510013063A /* test_core.cc in Sources */,
				27AC392F2A40F95E00C9A8E6 /* test_parser.cc in Sources */,
				27D7D9D62A49F9AE0058B3BF /* TestsMain.cc in Sources */,
				2732F9EB2652DE510013063A /* vocabulary.cc in Sources */,
				279100702A65B68E004A6887 /* signature_parser.cc in Sources */,
				27F6FE9C2A6226CD007629FC /* compiler+stackcheck.cc in Sources */,
				2732FA2C2655E8DB0013063A /* compiler+parser.cc in Sources */,
				275B4D302A5C750A00E00723 /* stack_effect.cc in Sources */,
				2732F9ED2652DE510013063A /* compiler.cc in Sources */,
				27F6FE9B2A61F8C8007629FC /* effect_stack.cc in Sources */,
				2753DAD42667EAFE008EBCE0 /* more_words.cc in Sources */,
				27D7D9DD2A4DEDED0058B3BF /* symbol.cc in Sources */,
				275B4D332A5F202800E00723 /* test_utils.cc in Sources */,
				27AC39302A40FBA500C9A8E6 /* tokenizer.cc in Sources */,
				27AC39312A40FBA500C9A8E6 /* parser.cc in Sources */,
				2732F9EC2652DE510013063A /* value.cc in Sources */,
				2753DADB26682769008EBCE0 /* gc.cc in Sources */,
			);
			runOnlyForDeploymentPostprocessing = 0;
		};
		273B20802641B8AA00A14EC4 /* Sources */ = {
			isa = PBXSourcesBuildPhase;
			buildActionMask = 2147483647;
			files = (
				27783695266164930025D97F /* compiler+stackcheck.cc in Sources */,
				27AC392A2A40D32A00C9A8E6 /* tokenizer.cc in Sources */,
				27AC392D2A40E57E00C9A8E6 /* parser.cc in Sources */,
				273B209A26434A1100A14EC4 /* vocabulary.cc in Sources */,
				2753DAD32667EAFE008EBCE0 /* more_words.cc in Sources */,
				275B4D2F2A5C750A00E00723 /* stack_effect.cc in Sources */,
				2753DADA26682769008EBCE0 /* gc.cc in Sources */,
				2732F9C3264F0FE10013063A /* value.cc in Sources */,
				27D7D9DC2A4DEDED0058B3BF /* symbol.cc in Sources */,
				273B20B12645D67000A14EC4 /* compiler.cc in Sources */,
				2791006F2A65B68E004A6887 /* signature_parser.cc in Sources */,
				2753DACF2666E1BD008EBCE0 /* stack_effect_parser.hh in Sources */,
				27F6FE9A2A61F8C8007629FC /* effect_stack.cc in Sources */,
				2732F9C72652DB940013063A /* repl.cc in Sources */,
				2732FA2B2655E89D0013063A /* compiler+parser.cc in Sources */,
			);
			runOnlyForDeploymentPostprocessing = 0;
		};
		273B20A32645AC8F00A14EC4 /* Sources */ = {
			isa = PBXSourcesBuildPhase;
			buildActionMask = 2147483647;
			files = (
				273B20AE2645ACFA00A14EC4 /* core_words.cc in Sources */,
			);
			runOnlyForDeploymentPostprocessing = 0;
		};
/* End PBXSourcesBuildPhase section */

/* Begin PBXTargetDependency section */
		2732F9E22652DC870013063A /* PBXTargetDependency */ = {
			isa = PBXTargetDependency;
			target = 2732F9DA2652DC6D0013063A /* linenoise */;
			targetProxy = 2732F9E12652DC870013063A /* PBXContainerItemProxy */;
		};
		2732F9E62652DE510013063A /* PBXTargetDependency */ = {
			isa = PBXTargetDependency;
			target = 273B20A52645AC8F00A14EC4 /* CoreWords */;
			targetProxy = 2732F9E72652DE510013063A /* PBXContainerItemProxy */;
		};
		2732F9E82652DE510013063A /* PBXTargetDependency */ = {
			isa = PBXTargetDependency;
			target = 2732F9DA2652DC6D0013063A /* linenoise */;
			targetProxy = 2732F9E92652DE510013063A /* PBXContainerItemProxy */;
		};
		273B20AD2645ACF200A14EC4 /* PBXTargetDependency */ = {
			isa = PBXTargetDependency;
			target = 273B20A52645AC8F00A14EC4 /* CoreWords */;
			targetProxy = 273B20AC2645ACF200A14EC4 /* PBXContainerItemProxy */;
		};
/* End PBXTargetDependency section */

/* Begin XCBuildConfiguration section */
		2732F9DD2652DC6D0013063A /* Debug */ = {
			isa = XCBuildConfiguration;
			buildSettings = {
				CLANG_WARN_STRICT_PROTOTYPES = NO;
				CODE_SIGN_STYLE = Automatic;
				DEVELOPMENT_TEAM = Z62S7RW88Y;
				EXECUTABLE_PREFIX = lib;
				GCC_WARN_64_TO_32_BIT_CONVERSION = NO;
				GCC_WARN_ABOUT_MISSING_PROTOTYPES = NO;
				PRODUCT_NAME = "$(TARGET_NAME)";
				SKIP_INSTALL = YES;
			};
			name = Debug;
		};
		2732F9DE2652DC6D0013063A /* Release */ = {
			isa = XCBuildConfiguration;
			buildSettings = {
				CLANG_WARN_STRICT_PROTOTYPES = NO;
				CODE_SIGN_STYLE = Automatic;
				DEVELOPMENT_TEAM = Z62S7RW88Y;
				EXECUTABLE_PREFIX = lib;
				GCC_WARN_64_TO_32_BIT_CONVERSION = NO;
				GCC_WARN_ABOUT_MISSING_PROTOTYPES = NO;
				PRODUCT_NAME = "$(TARGET_NAME)";
				SKIP_INSTALL = YES;
			};
			name = Release;
		};
		2732F9F52652DE510013063A /* Debug */ = {
			isa = XCBuildConfiguration;
			buildSettings = {
				CODE_SIGN_STYLE = Automatic;
				DEVELOPMENT_TEAM = Z62S7RW88Y;
				ENABLE_HARDENED_RUNTIME = YES;
				PRODUCT_NAME = "$(TARGET_NAME)";
			};
			name = Debug;
		};
		2732F9F62652DE510013063A /* Release */ = {
			isa = XCBuildConfiguration;
			buildSettings = {
				CODE_SIGN_STYLE = Automatic;
				DEVELOPMENT_TEAM = Z62S7RW88Y;
				ENABLE_HARDENED_RUNTIME = YES;
				PRODUCT_NAME = "$(TARGET_NAME)";
			};
			name = Release;
		};
		273B20892641B8AA00A14EC4 /* Debug */ = {
			isa = XCBuildConfiguration;
			buildSettings = {
				ALWAYS_SEARCH_USER_PATHS = NO;
				CLANG_ANALYZER_NONNULL = YES;
				CLANG_ANALYZER_NUMBER_OBJECT_CONVERSION = YES_AGGRESSIVE;
				CLANG_CXX_LANGUAGE_STANDARD = "c++20";
				CLANG_CXX_LIBRARY = "libc++";
				CLANG_ENABLE_MODULES = YES;
				CLANG_ENABLE_OBJC_ARC = YES;
				CLANG_ENABLE_OBJC_WEAK = YES;
				CLANG_WARN_BLOCK_CAPTURE_AUTORELEASING = YES;
				CLANG_WARN_BOOL_CONVERSION = YES;
				CLANG_WARN_COMMA = YES;
				CLANG_WARN_CONSTANT_CONVERSION = YES;
				CLANG_WARN_DEPRECATED_OBJC_IMPLEMENTATIONS = YES;
				CLANG_WARN_DIRECT_OBJC_ISA_USAGE = YES_ERROR;
				CLANG_WARN_DOCUMENTATION_COMMENTS = YES;
				CLANG_WARN_EMPTY_BODY = YES;
				CLANG_WARN_ENUM_CONVERSION = YES;
				CLANG_WARN_INFINITE_RECURSION = YES;
				CLANG_WARN_INT_CONVERSION = YES;
				CLANG_WARN_NON_LITERAL_NULL_CONVERSION = YES;
				CLANG_WARN_OBJC_IMPLICIT_RETAIN_SELF = YES;
				CLANG_WARN_OBJC_LITERAL_CONVERSION = YES;
				CLANG_WARN_OBJC_ROOT_CLASS = YES_ERROR;
				CLANG_WARN_QUOTED_INCLUDE_IN_FRAMEWORK_HEADER = YES;
				CLANG_WARN_RANGE_LOOP_ANALYSIS = YES;
				CLANG_WARN_STRICT_PROTOTYPES = YES;
				CLANG_WARN_SUSPICIOUS_MOVE = YES;
				CLANG_WARN_UNGUARDED_AVAILABILITY = YES_AGGRESSIVE;
				CLANG_WARN_UNREACHABLE_CODE = YES;
				CLANG_WARN__DUPLICATE_METHOD_MATCH = YES;
				COPY_PHASE_STRIP = NO;
				DEBUG_INFORMATION_FORMAT = dwarf;
				ENABLE_STRICT_OBJC_MSGSEND = YES;
				ENABLE_TESTABILITY = YES;
				GCC_C_LANGUAGE_STANDARD = gnu11;
				GCC_DYNAMIC_NO_PIC = NO;
				GCC_NO_COMMON_BLOCKS = YES;
				GCC_OPTIMIZATION_LEVEL = 0;
				GCC_PREPROCESSOR_DEFINITIONS = (
					"DEBUG=1",
					"$(inherited)",
				);
				GCC_SYMBOLS_PRIVATE_EXTERN = YES;
				GCC_TREAT_WARNINGS_AS_ERRORS = YES;
				GCC_WARN_64_TO_32_BIT_CONVERSION = YES;
				GCC_WARN_ABOUT_MISSING_NEWLINE = YES;
				GCC_WARN_ABOUT_MISSING_PROTOTYPES = YES;
				GCC_WARN_ABOUT_RETURN_TYPE = YES_ERROR;
				GCC_WARN_UNDECLARED_SELECTOR = YES;
				GCC_WARN_UNINITIALIZED_AUTOS = YES_AGGRESSIVE;
				GCC_WARN_UNUSED_FUNCTION = YES;
				GCC_WARN_UNUSED_VARIABLE = YES;
				LD_GENERATE_MAP_FILE = YES;
				LD_MAP_FILE_PATH = "$(CONFIGURATION_BUILD_DIR)/$(PRODUCT_NAME)-LinkMap-$(CURRENT_ARCH).txt";
				LLVM_LTO = NO;
				MACOSX_DEPLOYMENT_TARGET = 11.3;
				MTL_ENABLE_DEBUG_INFO = INCLUDE_SOURCE;
				MTL_FAST_MATH = YES;
				ONLY_ACTIVE_ARCH = YES;
				SDKROOT = macosx;
				WARNING_CFLAGS = (
					"-Wall",
					"-Wno-unqualified-std-cast-call",
				);
			};
			name = Debug;
		};
		273B208A2641B8AA00A14EC4 /* Release */ = {
			isa = XCBuildConfiguration;
			buildSettings = {
				ALWAYS_SEARCH_USER_PATHS = NO;
				CLANG_ANALYZER_NONNULL = YES;
				CLANG_ANALYZER_NUMBER_OBJECT_CONVERSION = YES_AGGRESSIVE;
				CLANG_CXX_LANGUAGE_STANDARD = "c++20";
				CLANG_CXX_LIBRARY = "libc++";
				CLANG_ENABLE_MODULES = YES;
				CLANG_ENABLE_OBJC_ARC = YES;
				CLANG_ENABLE_OBJC_WEAK = YES;
				CLANG_WARN_BLOCK_CAPTURE_AUTORELEASING = YES;
				CLANG_WARN_BOOL_CONVERSION = YES;
				CLANG_WARN_COMMA = YES;
				CLANG_WARN_CONSTANT_CONVERSION = YES;
				CLANG_WARN_DEPRECATED_OBJC_IMPLEMENTATIONS = YES;
				CLANG_WARN_DIRECT_OBJC_ISA_USAGE = YES_ERROR;
				CLANG_WARN_DOCUMENTATION_COMMENTS = YES;
				CLANG_WARN_EMPTY_BODY = YES;
				CLANG_WARN_ENUM_CONVERSION = YES;
				CLANG_WARN_INFINITE_RECURSION = YES;
				CLANG_WARN_INT_CONVERSION = YES;
				CLANG_WARN_NON_LITERAL_NULL_CONVERSION = YES;
				CLANG_WARN_OBJC_IMPLICIT_RETAIN_SELF = YES;
				CLANG_WARN_OBJC_LITERAL_CONVERSION = YES;
				CLANG_WARN_OBJC_ROOT_CLASS = YES_ERROR;
				CLANG_WARN_QUOTED_INCLUDE_IN_FRAMEWORK_HEADER = YES;
				CLANG_WARN_RANGE_LOOP_ANALYSIS = YES;
				CLANG_WARN_STRICT_PROTOTYPES = YES;
				CLANG_WARN_SUSPICIOUS_MOVE = YES;
				CLANG_WARN_UNGUARDED_AVAILABILITY = YES_AGGRESSIVE;
				CLANG_WARN_UNREACHABLE_CODE = YES;
				CLANG_WARN__DUPLICATE_METHOD_MATCH = YES;
				COPY_PHASE_STRIP = NO;
				DEAD_CODE_STRIPPING = YES;
				DEBUG_INFORMATION_FORMAT = "dwarf-with-dsym";
				ENABLE_NS_ASSERTIONS = NO;
				ENABLE_STRICT_OBJC_MSGSEND = YES;
				GCC_C_LANGUAGE_STANDARD = gnu11;
				GCC_NO_COMMON_BLOCKS = YES;
				GCC_OPTIMIZATION_LEVEL = fast;
				GCC_SYMBOLS_PRIVATE_EXTERN = YES;
				GCC_TREAT_WARNINGS_AS_ERRORS = YES;
				GCC_WARN_64_TO_32_BIT_CONVERSION = YES;
				GCC_WARN_ABOUT_MISSING_NEWLINE = YES;
				GCC_WARN_ABOUT_MISSING_PROTOTYPES = YES;
				GCC_WARN_ABOUT_RETURN_TYPE = YES_ERROR;
				GCC_WARN_UNDECLARED_SELECTOR = YES;
				GCC_WARN_UNINITIALIZED_AUTOS = YES_AGGRESSIVE;
				GCC_WARN_UNUSED_FUNCTION = YES;
				GCC_WARN_UNUSED_VARIABLE = YES;
				LD_GENERATE_MAP_FILE = YES;
				LD_MAP_FILE_PATH = "$(CONFIGURATION_BUILD_DIR)/$(PRODUCT_NAME)-LinkMap-$(CURRENT_ARCH).txt";
				LLVM_LTO = YES;
				MACOSX_DEPLOYMENT_TARGET = 11.3;
				MTL_ENABLE_DEBUG_INFO = NO;
				MTL_FAST_MATH = YES;
				ONLY_ACTIVE_ARCH = YES;
				SDKROOT = macosx;
				WARNING_CFLAGS = (
					"-Wall",
					"-Wno-unqualified-std-cast-call",
				);
			};
			name = Release;
		};
		273B208C2641B8AA00A14EC4 /* Debug */ = {
			isa = XCBuildConfiguration;
			buildSettings = {
				CODE_SIGN_STYLE = Automatic;
				DEVELOPMENT_TEAM = Z62S7RW88Y;
				ENABLE_HARDENED_RUNTIME = YES;
				PRODUCT_NAME = "$(TARGET_NAME)";
			};
			name = Debug;
		};
		273B208D2641B8AA00A14EC4 /* Release */ = {
			isa = XCBuildConfiguration;
			buildSettings = {
				CODE_SIGN_STYLE = Automatic;
				DEVELOPMENT_TEAM = Z62S7RW88Y;
				ENABLE_HARDENED_RUNTIME = YES;
				PRODUCT_NAME = "$(TARGET_NAME)";
			};
			name = Release;
		};
		273B20A82645AC8F00A14EC4 /* Debug */ = {
			isa = XCBuildConfiguration;
			buildSettings = {
				CODE_SIGN_STYLE = Automatic;
				DEVELOPMENT_TEAM = Z62S7RW88Y;
				EXECUTABLE_PREFIX = lib;
				PRODUCT_NAME = "$(TARGET_NAME)";
				SKIP_INSTALL = YES;
			};
			name = Debug;
		};
		273B20A92645AC8F00A14EC4 /* Release */ = {
			isa = XCBuildConfiguration;
			buildSettings = {
				CODE_SIGN_STYLE = Automatic;
				DEVELOPMENT_TEAM = Z62S7RW88Y;
				EXECUTABLE_PREFIX = lib;
				OTHER_CFLAGS = (
					"-fomit-frame-pointer",
					"-fno-stack-check",
					"-fno-stack-protector",
				);
				PRODUCT_NAME = "$(TARGET_NAME)";
				SKIP_INSTALL = YES;
			};
			name = Release;
		};
/* End XCBuildConfiguration section */

/* Begin XCConfigurationList section */
		2732F9DC2652DC6D0013063A /* Build configuration list for PBXNativeTarget "linenoise" */ = {
			isa = XCConfigurationList;
			buildConfigurations = (
				2732F9DD2652DC6D0013063A /* Debug */,
				2732F9DE2652DC6D0013063A /* Release */,
			);
			defaultConfigurationIsVisible = 0;
			defaultConfigurationName = Release;
		};
		2732F9F42652DE510013063A /* Build configuration list for PBXNativeTarget "Tests" */ = {
			isa = XCConfigurationList;
			buildConfigurations = (
				2732F9F52652DE510013063A /* Debug */,
				2732F9F62652DE510013063A /* Release */,
			);
			defaultConfigurationIsVisible = 0;
			defaultConfigurationName = Release;
		};
		273B207F2641B8AA00A14EC4 /* Build configuration list for PBXProject "Tails" */ = {
			isa = XCConfigurationList;
			buildConfigurations = (
				273B20892641B8AA00A14EC4 /* Debug */,
				273B208A2641B8AA00A14EC4 /* Release */,
			);
			defaultConfigurationIsVisible = 0;
			defaultConfigurationName = Release;
		};
		273B208B2641B8AA00A14EC4 /* Build configuration list for PBXNativeTarget "Tails" */ = {
			isa = XCConfigurationList;
			buildConfigurations = (
				273B208C2641B8AA00A14EC4 /* Debug */,
				273B208D2641B8AA00A14EC4 /* Release */,
			);
			defaultConfigurationIsVisible = 0;
			defaultConfigurationName = Release;
		};
		273B20A72645AC8F00A14EC4 /* Build configuration list for PBXNativeTarget "CoreWords" */ = {
			isa = XCConfigurationList;
			buildConfigurations = (
				273B20A82645AC8F00A14EC4 /* Debug */,
				273B20A92645AC8F00A14EC4 /* Release */,
			);
			defaultConfigurationIsVisible = 0;
			defaultConfigurationName = Release;
		};
/* End XCConfigurationList section */
	};
	rootObject = 273B207C2641B8AA00A14EC4 /* Project object */;
}
